// !$*UTF8*$!
{
	archiveVersion = 1;
	classes = {
	};
	objectVersion = 77;
	objects = {

/* Begin PBXContainerItemProxy section */
		C2082A6C2D51A18E0003C1D0 /* PBXContainerItemProxy */ = {
			isa = PBXContainerItemProxy;
			containerPortal = C2082A532D51A18D0003C1D0 /* Project object */;
			proxyType = 1;
			remoteGlobalIDString = C2082A5A2D51A18D0003C1D0;
			remoteInfo = BharathFetchRecipes;
		};
		C2082A762D51A18E0003C1D0 /* PBXContainerItemProxy */ = {
			isa = PBXContainerItemProxy;
			containerPortal = C2082A532D51A18D0003C1D0 /* Project object */;
			proxyType = 1;
			remoteGlobalIDString = C2082A5A2D51A18D0003C1D0;
			remoteInfo = BharathFetchRecipes;
		};
/* End PBXContainerItemProxy section */

/* Begin PBXFileReference section */
		C2082A5B2D51A18D0003C1D0 /* BharathFetchRecipes.app */ = {isa = PBXFileReference; explicitFileType = wrapper.application; includeInIndex = 0; path = BharathFetchRecipes.app; sourceTree = BUILT_PRODUCTS_DIR; };
		C2082A6B2D51A18E0003C1D0 /* BharathFetchRecipesTests.xctest */ = {isa = PBXFileReference; explicitFileType = wrapper.cfbundle; includeInIndex = 0; path = BharathFetchRecipesTests.xctest; sourceTree = BUILT_PRODUCTS_DIR; };
		C2082A752D51A18E0003C1D0 /* BharathFetchRecipesUITests.xctest */ = {isa = PBXFileReference; explicitFileType = wrapper.cfbundle; includeInIndex = 0; path = BharathFetchRecipesUITests.xctest; sourceTree = BUILT_PRODUCTS_DIR; };
/* End PBXFileReference section */

/* Begin PBXFileSystemSynchronizedRootGroup section */
		C2082A5D2D51A18D0003C1D0 /* BharathFetchRecipes */ = {
			isa = PBXFileSystemSynchronizedRootGroup;
			path = BharathFetchRecipes;
			sourceTree = "<group>";
		};
		C2082A6E2D51A18E0003C1D0 /* BharathFetchRecipesTests */ = {
			isa = PBXFileSystemSynchronizedRootGroup;
			path = BharathFetchRecipesTests;
			sourceTree = "<group>";
		};
		C2082A782D51A18E0003C1D0 /* BharathFetchRecipesUITests */ = {
			isa = PBXFileSystemSynchronizedRootGroup;
			path = BharathFetchRecipesUITests;
			sourceTree = "<group>";
		};
/* End PBXFileSystemSynchronizedRootGroup section */

/* Begin PBXFrameworksBuildPhase section */
		C2082A582D51A18D0003C1D0 /* Frameworks */ = {
			isa = PBXFrameworksBuildPhase;
			buildActionMask = 2147483647;
			files = (
			);
			runOnlyForDeploymentPostprocessing = 0;
		};
		C2082A682D51A18E0003C1D0 /* Frameworks */ = {
			isa = PBXFrameworksBuildPhase;
			buildActionMask = 2147483647;
			files = (
			);
			runOnlyForDeploymentPostprocessing = 0;
		};
		C2082A722D51A18E0003C1D0 /* Frameworks */ = {
			isa = PBXFrameworksBuildPhase;
			buildActionMask = 2147483647;
			files = (
			);
			runOnlyForDeploymentPostprocessing = 0;
		};
/* End PBXFrameworksBuildPhase section */

/* Begin PBXGroup section */
		C2082A522D51A18D0003C1D0 = {
			isa = PBXGroup;
			children = (
				C2082A5D2D51A18D0003C1D0 /* BharathFetchRecipes */,
				C2082A6E2D51A18E0003C1D0 /* BharathFetchRecipesTests */,
				C2082A782D51A18E0003C1D0 /* BharathFetchRecipesUITests */,
				C2082A5C2D51A18D0003C1D0 /* Products */,
			);
			sourceTree = "<group>";
		};
		C2082A5C2D51A18D0003C1D0 /* Products */ = {
			isa = PBXGroup;
			children = (
				C2082A5B2D51A18D0003C1D0 /* BharathFetchRecipes.app */,
				C2082A6B2D51A18E0003C1D0 /* BharathFetchRecipesTests.xctest */,
				C2082A752D51A18E0003C1D0 /* BharathFetchRecipesUITests.xctest */,
			);
			name = Products;
			sourceTree = "<group>";
		};
/* End PBXGroup section */

/* Begin PBXNativeTarget section */
		C2082A5A2D51A18D0003C1D0 /* BharathFetchRecipes */ = {
			isa = PBXNativeTarget;
			buildConfigurationList = C2082A7F2D51A18E0003C1D0 /* Build configuration list for PBXNativeTarget "BharathFetchRecipes" */;
			buildPhases = (
				C2082A572D51A18D0003C1D0 /* Sources */,
				C2082A582D51A18D0003C1D0 /* Frameworks */,
				C2082A592D51A18D0003C1D0 /* Resources */,
			);
			buildRules = (
			);
			dependencies = (
			);
			fileSystemSynchronizedGroups = (
				C2082A5D2D51A18D0003C1D0 /* BharathFetchRecipes */,
			);
			name = BharathFetchRecipes;
			packageProductDependencies = (
			);
			productName = BharathFetchRecipes;
			productReference = C2082A5B2D51A18D0003C1D0 /* BharathFetchRecipes.app */;
			productType = "com.apple.product-type.application";
		};
		C2082A6A2D51A18E0003C1D0 /* BharathFetchRecipesTests */ = {
			isa = PBXNativeTarget;
			buildConfigurationList = C2082A822D51A18E0003C1D0 /* Build configuration list for PBXNativeTarget "BharathFetchRecipesTests" */;
			buildPhases = (
				C2082A672D51A18E0003C1D0 /* Sources */,
				C2082A682D51A18E0003C1D0 /* Frameworks */,
				C2082A692D51A18E0003C1D0 /* Resources */,
			);
			buildRules = (
			);
			dependencies = (
				C2082A6D2D51A18E0003C1D0 /* PBXTargetDependency */,
			);
			fileSystemSynchronizedGroups = (
				C2082A6E2D51A18E0003C1D0 /* BharathFetchRecipesTests */,
			);
			name = BharathFetchRecipesTests;
			packageProductDependencies = (
			);
			productName = BharathFetchRecipesTests;
			productReference = C2082A6B2D51A18E0003C1D0 /* BharathFetchRecipesTests.xctest */;
			productType = "com.apple.product-type.bundle.unit-test";
		};
		C2082A742D51A18E0003C1D0 /* BharathFetchRecipesUITests */ = {
			isa = PBXNativeTarget;
			buildConfigurationList = C2082A852D51A18E0003C1D0 /* Build configuration list for PBXNativeTarget "BharathFetchRecipesUITests" */;
			buildPhases = (
				C2082A712D51A18E0003C1D0 /* Sources */,
				C2082A722D51A18E0003C1D0 /* Frameworks */,
				C2082A732D51A18E0003C1D0 /* Resources */,
			);
			buildRules = (
			);
			dependencies = (
				C2082A772D51A18E0003C1D0 /* PBXTargetDependency */,
			);
			fileSystemSynchronizedGroups = (
				C2082A782D51A18E0003C1D0 /* BharathFetchRecipesUITests */,
			);
			name = BharathFetchRecipesUITests;
			packageProductDependencies = (
			);
			productName = BharathFetchRecipesUITests;
			productReference = C2082A752D51A18E0003C1D0 /* BharathFetchRecipesUITests.xctest */;
			productType = "com.apple.product-type.bundle.ui-testing";
		};
/* End PBXNativeTarget section */

/* Begin PBXProject section */
		C2082A532D51A18D0003C1D0 /* Project object */ = {
			isa = PBXProject;
			attributes = {
				BuildIndependentTargetsInParallel = 1;
				LastSwiftUpdateCheck = 1620;
				LastUpgradeCheck = 1620;
				TargetAttributes = {
					C2082A5A2D51A18D0003C1D0 = {
						CreatedOnToolsVersion = 16.2;
					};
					C2082A6A2D51A18E0003C1D0 = {
						CreatedOnToolsVersion = 16.2;
						TestTargetID = C2082A5A2D51A18D0003C1D0;
					};
					C2082A742D51A18E0003C1D0 = {
						CreatedOnToolsVersion = 16.2;
						TestTargetID = C2082A5A2D51A18D0003C1D0;
					};
				};
			};
			buildConfigurationList = C2082A562D51A18D0003C1D0 /* Build configuration list for PBXProject "BharathFetchRecipes" */;
			developmentRegion = en;
			hasScannedForEncodings = 0;
			knownRegions = (
				en,
				Base,
			);
			mainGroup = C2082A522D51A18D0003C1D0;
			minimizedProjectReferenceProxies = 1;
			preferredProjectObjectVersion = 77;
			productRefGroup = C2082A5C2D51A18D0003C1D0 /* Products */;
			projectDirPath = "";
			projectRoot = "";
			targets = (
				C2082A5A2D51A18D0003C1D0 /* BharathFetchRecipes */,
				C2082A6A2D51A18E0003C1D0 /* BharathFetchRecipesTests */,
				C2082A742D51A18E0003C1D0 /* BharathFetchRecipesUITests */,
			);
		};
/* End PBXProject section */

/* Begin PBXResourcesBuildPhase section */
		C2082A592D51A18D0003C1D0 /* Resources */ = {
			isa = PBXResourcesBuildPhase;
			buildActionMask = 2147483647;
			files = (
			);
			runOnlyForDeploymentPostprocessing = 0;
		};
		C2082A692D51A18E0003C1D0 /* Resources */ = {
			isa = PBXResourcesBuildPhase;
			buildActionMask = 2147483647;
			files = (
			);
			runOnlyForDeploymentPostprocessing = 0;
		};
		C2082A732D51A18E0003C1D0 /* Resources */ = {
			isa = PBXResourcesBuildPhase;
			buildActionMask = 2147483647;
			files = (
			);
			runOnlyForDeploymentPostprocessing = 0;
		};
/* End PBXResourcesBuildPhase section */

/* Begin PBXSourcesBuildPhase section */
		C2082A572D51A18D0003C1D0 /* Sources */ = {
			isa = PBXSourcesBuildPhase;
			buildActionMask = 2147483647;
			files = (
			);
			runOnlyForDeploymentPostprocessing = 0;
		};
		C2082A672D51A18E0003C1D0 /* Sources */ = {
			isa = PBXSourcesBuildPhase;
			buildActionMask = 2147483647;
			files = (
			);
			runOnlyForDeploymentPostprocessing = 0;
		};
		C2082A712D51A18E0003C1D0 /* Sources */ = {
			isa = PBXSourcesBuildPhase;
			buildActionMask = 2147483647;
			files = (
			);
			runOnlyForDeploymentPostprocessing = 0;
		};
/* End PBXSourcesBuildPhase section */

/* Begin PBXTargetDependency section */
		C2082A6D2D51A18E0003C1D0 /* PBXTargetDependency */ = {
			isa = PBXTargetDependency;
			target = C2082A5A2D51A18D0003C1D0 /* BharathFetchRecipes */;
			targetProxy = C2082A6C2D51A18E0003C1D0 /* PBXContainerItemProxy */;
		};
		C2082A772D51A18E0003C1D0 /* PBXTargetDependency */ = {
			isa = PBXTargetDependency;
			target = C2082A5A2D51A18D0003C1D0 /* BharathFetchRecipes */;
			targetProxy = C2082A762D51A18E0003C1D0 /* PBXContainerItemProxy */;
		};
/* End PBXTargetDependency section */

/* Begin XCBuildConfiguration section */
		C2082A7D2D51A18E0003C1D0 /* Debug */ = {
			isa = XCBuildConfiguration;
			buildSettings = {
				ALWAYS_SEARCH_USER_PATHS = NO;
				ASSETCATALOG_COMPILER_GENERATE_SWIFT_ASSET_SYMBOL_EXTENSIONS = YES;
				CLANG_ANALYZER_NONNULL = YES;
				CLANG_ANALYZER_NUMBER_OBJECT_CONVERSION = YES_AGGRESSIVE;
				CLANG_CXX_LANGUAGE_STANDARD = "gnu++20";
				CLANG_ENABLE_MODULES = YES;
				CLANG_ENABLE_OBJC_ARC = YES;
				CLANG_ENABLE_OBJC_WEAK = YES;
				CLANG_WARN_BLOCK_CAPTURE_AUTORELEASING = YES;
				CLANG_WARN_BOOL_CONVERSION = YES;
				CLANG_WARN_COMMA = YES;
				CLANG_WARN_CONSTANT_CONVERSION = YES;
				CLANG_WARN_DEPRECATED_OBJC_IMPLEMENTATIONS = YES;
				CLANG_WARN_DIRECT_OBJC_ISA_USAGE = YES_ERROR;
				CLANG_WARN_DOCUMENTATION_COMMENTS = YES;
				CLANG_WARN_EMPTY_BODY = YES;
				CLANG_WARN_ENUM_CONVERSION = YES;
				CLANG_WARN_INFINITE_RECURSION = YES;
				CLANG_WARN_INT_CONVERSION = YES;
				CLANG_WARN_NON_LITERAL_NULL_CONVERSION = YES;
				CLANG_WARN_OBJC_IMPLICIT_RETAIN_SELF = YES;
				CLANG_WARN_OBJC_LITERAL_CONVERSION = YES;
				CLANG_WARN_OBJC_ROOT_CLASS = YES_ERROR;
				CLANG_WARN_QUOTED_INCLUDE_IN_FRAMEWORK_HEADER = YES;
				CLANG_WARN_RANGE_LOOP_ANALYSIS = YES;
				CLANG_WARN_STRICT_PROTOTYPES = YES;
				CLANG_WARN_SUSPICIOUS_MOVE = YES;
				CLANG_WARN_UNGUARDED_AVAILABILITY = YES_AGGRESSIVE;
				CLANG_WARN_UNREACHABLE_CODE = YES;
				CLANG_WARN__DUPLICATE_METHOD_MATCH = YES;
				COPY_PHASE_STRIP = NO;
				DEBUG_INFORMATION_FORMAT = dwarf;
				ENABLE_STRICT_OBJC_MSGSEND = YES;
				ENABLE_TESTABILITY = YES;
				ENABLE_USER_SCRIPT_SANDBOXING = YES;
				GCC_C_LANGUAGE_STANDARD = gnu17;
				GCC_DYNAMIC_NO_PIC = NO;
				GCC_NO_COMMON_BLOCKS = YES;
				GCC_OPTIMIZATION_LEVEL = 0;
				GCC_PREPROCESSOR_DEFINITIONS = (
					"DEBUG=1",
					"$(inherited)",
				);
				GCC_WARN_64_TO_32_BIT_CONVERSION = YES;
				GCC_WARN_ABOUT_RETURN_TYPE = YES_ERROR;
				GCC_WARN_UNDECLARED_SELECTOR = YES;
				GCC_WARN_UNINITIALIZED_AUTOS = YES_AGGRESSIVE;
				GCC_WARN_UNUSED_FUNCTION = YES;
				GCC_WARN_UNUSED_VARIABLE = YES;
				IPHONEOS_DEPLOYMENT_TARGET = 18.2;
				LOCALIZATION_PREFERS_STRING_CATALOGS = YES;
				MTL_ENABLE_DEBUG_INFO = INCLUDE_SOURCE;
				MTL_FAST_MATH = YES;
				ONLY_ACTIVE_ARCH = YES;
				SDKROOT = iphoneos;
				SWIFT_ACTIVE_COMPILATION_CONDITIONS = "DEBUG $(inherited)";
				SWIFT_OPTIMIZATION_LEVEL = "-Onone";
			};
			name = Debug;
		};
		C2082A7E2D51A18E0003C1D0 /* Release */ = {
			isa = XCBuildConfiguration;
			buildSettings = {
				ALWAYS_SEARCH_USER_PATHS = NO;
				ASSETCATALOG_COMPILER_GENERATE_SWIFT_ASSET_SYMBOL_EXTENSIONS = YES;
				CLANG_ANALYZER_NONNULL = YES;
				CLANG_ANALYZER_NUMBER_OBJECT_CONVERSION = YES_AGGRESSIVE;
				CLANG_CXX_LANGUAGE_STANDARD = "gnu++20";
				CLANG_ENABLE_MODULES = YES;
				CLANG_ENABLE_OBJC_ARC = YES;
				CLANG_ENABLE_OBJC_WEAK = YES;
				CLANG_WARN_BLOCK_CAPTURE_AUTORELEASING = YES;
				CLANG_WARN_BOOL_CONVERSION = YES;
				CLANG_WARN_COMMA = YES;
				CLANG_WARN_CONSTANT_CONVERSION = YES;
				CLANG_WARN_DEPRECATED_OBJC_IMPLEMENTATIONS = YES;
				CLANG_WARN_DIRECT_OBJC_ISA_USAGE = YES_ERROR;
				CLANG_WARN_DOCUMENTATION_COMMENTS = YES;
				CLANG_WARN_EMPTY_BODY = YES;
				CLANG_WARN_ENUM_CONVERSION = YES;
				CLANG_WARN_INFINITE_RECURSION = YES;
				CLANG_WARN_INT_CONVERSION = YES;
				CLANG_WARN_NON_LITERAL_NULL_CONVERSION = YES;
				CLANG_WARN_OBJC_IMPLICIT_RETAIN_SELF = YES;
				CLANG_WARN_OBJC_LITERAL_CONVERSION = YES;
				CLANG_WARN_OBJC_ROOT_CLASS = YES_ERROR;
				CLANG_WARN_QUOTED_INCLUDE_IN_FRAMEWORK_HEADER = YES;
				CLANG_WARN_RANGE_LOOP_ANALYSIS = YES;
				CLANG_WARN_STRICT_PROTOTYPES = YES;
				CLANG_WARN_SUSPICIOUS_MOVE = YES;
				CLANG_WARN_UNGUARDED_AVAILABILITY = YES_AGGRESSIVE;
				CLANG_WARN_UNREACHABLE_CODE = YES;
				CLANG_WARN__DUPLICATE_METHOD_MATCH = YES;
				COPY_PHASE_STRIP = NO;
				DEBUG_INFORMATION_FORMAT = "dwarf-with-dsym";
				ENABLE_NS_ASSERTIONS = NO;
				ENABLE_STRICT_OBJC_MSGSEND = YES;
				ENABLE_USER_SCRIPT_SANDBOXING = YES;
				GCC_C_LANGUAGE_STANDARD = gnu17;
				GCC_NO_COMMON_BLOCKS = YES;
				GCC_WARN_64_TO_32_BIT_CONVERSION = YES;
				GCC_WARN_ABOUT_RETURN_TYPE = YES_ERROR;
				GCC_WARN_UNDECLARED_SELECTOR = YES;
				GCC_WARN_UNINITIALIZED_AUTOS = YES_AGGRESSIVE;
				GCC_WARN_UNUSED_FUNCTION = YES;
				GCC_WARN_UNUSED_VARIABLE = YES;
				IPHONEOS_DEPLOYMENT_TARGET = 18.2;
				LOCALIZATION_PREFERS_STRING_CATALOGS = YES;
				MTL_ENABLE_DEBUG_INFO = NO;
				MTL_FAST_MATH = YES;
				SDKROOT = iphoneos;
				SWIFT_COMPILATION_MODE = wholemodule;
				VALIDATE_PRODUCT = YES;
			};
			name = Release;
		};
		C2082A802D51A18E0003C1D0 /* Debug */ = {
			isa = XCBuildConfiguration;
			buildSettings = {
				ASSETCATALOG_COMPILER_APPICON_NAME = AppIcon;
				ASSETCATALOG_COMPILER_GLOBAL_ACCENT_COLOR_NAME = AccentColor;
				CODE_SIGN_STYLE = Automatic;
				CURRENT_PROJECT_VERSION = 1;
				DEVELOPMENT_ASSET_PATHS = "";
				ENABLE_PREVIEWS = YES;
				GENERATE_INFOPLIST_FILE = YES;
				INFOPLIST_KEY_UIApplicationSceneManifest_Generation = YES;
				INFOPLIST_KEY_UIApplicationSupportsIndirectInputEvents = YES;
				INFOPLIST_KEY_UILaunchScreen_Generation = YES;
				INFOPLIST_KEY_UISupportedInterfaceOrientations_iPad = "UIInterfaceOrientationPortrait UIInterfaceOrientationPortraitUpsideDown UIInterfaceOrientationLandscapeLeft UIInterfaceOrientationLandscapeRight";
				INFOPLIST_KEY_UISupportedInterfaceOrientations_iPhone = "UIInterfaceOrientationPortrait UIInterfaceOrientationLandscapeLeft UIInterfaceOrientationLandscapeRight";
				LD_RUNPATH_SEARCH_PATHS = (
					"$(inherited)",
					"@executable_path/Frameworks",
				);
				MARKETING_VERSION = 1.0;
				PRODUCT_BUNDLE_IDENTIFIER = bharath.BharathFetchRecipes;
				PRODUCT_NAME = "$(TARGET_NAME)";
				SWIFT_EMIT_LOC_STRINGS = YES;
				SWIFT_VERSION = 5.0;
				TARGETED_DEVICE_FAMILY = "1,2";
			};
			name = Debug;
		};
		C2082A812D51A18E0003C1D0 /* Release */ = {
			isa = XCBuildConfiguration;
			buildSettings = {
				ASSETCATALOG_COMPILER_APPICON_NAME = AppIcon;
				ASSETCATALOG_COMPILER_GLOBAL_ACCENT_COLOR_NAME = AccentColor;
				CODE_SIGN_STYLE = Automatic;
				CURRENT_PROJECT_VERSION = 1;
				DEVELOPMENT_ASSET_PATHS = "";
				ENABLE_PREVIEWS = YES;
				GENERATE_INFOPLIST_FILE = YES;
				INFOPLIST_KEY_UIApplicationSceneManifest_Generation = YES;
				INFOPLIST_KEY_UIApplicationSupportsIndirectInputEvents = YES;
				INFOPLIST_KEY_UILaunchScreen_Generation = YES;
				INFOPLIST_KEY_UISupportedInterfaceOrientations_iPad = "UIInterfaceOrientationPortrait UIInterfaceOrientationPortraitUpsideDown UIInterfaceOrientationLandscapeLeft UIInterfaceOrientationLandscapeRight";
				INFOPLIST_KEY_UISupportedInterfaceOrientations_iPhone = "UIInterfaceOrientationPortrait UIInterfaceOrientationLandscapeLeft UIInterfaceOrientationLandscapeRight";
				LD_RUNPATH_SEARCH_PATHS = (
					"$(inherited)",
					"@executable_path/Frameworks",
				);
				MARKETING_VERSION = 1.0;
				PRODUCT_BUNDLE_IDENTIFIER = bharath.BharathFetchRecipes;
				PRODUCT_NAME = "$(TARGET_NAME)";
				SWIFT_EMIT_LOC_STRINGS = YES;
				SWIFT_VERSION = 5.0;
				TARGETED_DEVICE_FAMILY = "1,2";
			};
			name = Release;
		};
		C2082A832D51A18E0003C1D0 /* Debug */ = {
			isa = XCBuildConfiguration;
			buildSettings = {
				BUNDLE_LOADER = "$(TEST_HOST)";
				CODE_SIGN_STYLE = Automatic;
				CURRENT_PROJECT_VERSION = 1;
				GENERATE_INFOPLIST_FILE = YES;
				IPHONEOS_DEPLOYMENT_TARGET = 18.2;
				MARKETING_VERSION = 1.0;
				PRODUCT_BUNDLE_IDENTIFIER = bharath.BharathFetchRecipesTests;
				PRODUCT_NAME = "$(TARGET_NAME)";
				SWIFT_EMIT_LOC_STRINGS = NO;
				SWIFT_VERSION = 5.0;
				TARGETED_DEVICE_FAMILY = "1,2";
				TEST_HOST = "$(BUILT_PRODUCTS_DIR)/BharathFetchRecipes.app/$(BUNDLE_EXECUTABLE_FOLDER_PATH)/BharathFetchRecipes";
			};
			name = Debug;
		};
		C2082A842D51A18E0003C1D0 /* Release */ = {
			isa = XCBuildConfiguration;
			buildSettings = {
				BUNDLE_LOADER = "$(TEST_HOST)";
				CODE_SIGN_STYLE = Automatic;
				CURRENT_PROJECT_VERSION = 1;
				GENERATE_INFOPLIST_FILE = YES;
				IPHONEOS_DEPLOYMENT_TARGET = 18.2;
				MARKETING_VERSION = 1.0;
				PRODUCT_BUNDLE_IDENTIFIER = bharath.BharathFetchRecipesTests;
				PRODUCT_NAME = "$(TARGET_NAME)";
				SWIFT_EMIT_LOC_STRINGS = NO;
				SWIFT_VERSION = 5.0;
				TARGETED_DEVICE_FAMILY = "1,2";
				TEST_HOST = "$(BUILT_PRODUCTS_DIR)/BharathFetchRecipes.app/$(BUNDLE_EXECUTABLE_FOLDER_PATH)/BharathFetchRecipes";
			};
			name = Release;
		};
		C2082A862D51A18E0003C1D0 /* Debug */ = {
			isa = XCBuildConfiguration;
			buildSettings = {
				CODE_SIGN_STYLE = Automatic;
				CURRENT_PROJECT_VERSION = 1;
				GENERATE_INFOPLIST_FILE = YES;
				MARKETING_VERSION = 1.0;
				PRODUCT_BUNDLE_IDENTIFIER = bharath.BharathFetchRecipesUITests;
				PRODUCT_NAME = "$(TARGET_NAME)";
				SWIFT_EMIT_LOC_STRINGS = NO;
				SWIFT_VERSION = 5.0;
				TARGETED_DEVICE_FAMILY = "1,2";
				TEST_TARGET_NAME = BharathFetchRecipes;
			};
			name = Debug;
		};
		C2082A872D51A18E0003C1D0 /* Release */ = {
			isa = XCBuildConfiguration;
			buildSettings = {
				CODE_SIGN_STYLE = Automatic;
				CURRENT_PROJECT_VERSION = 1;
				GENERATE_INFOPLIST_FILE = YES;
				MARKETING_VERSION = 1.0;
				PRODUCT_BUNDLE_IDENTIFIER = bharath.BharathFetchRecipesUITests;
				PRODUCT_NAME = "$(TARGET_NAME)";
				SWIFT_EMIT_LOC_STRINGS = NO;
				SWIFT_VERSION = 5.0;
				TARGETED_DEVICE_FAMILY = "1,2";
				TEST_TARGET_NAME = BharathFetchRecipes;
			};
			name = Release;
		};
/* End XCBuildConfiguration section */

/* Begin XCConfigurationList section */
		C2082A562D51A18D0003C1D0 /* Build configuration list for PBXProject "BharathFetchRecipes" */ = {
			isa = XCConfigurationList;
			buildConfigurations = (
				C2082A7D2D51A18E0003C1D0 /* Debug */,
				C2082A7E2D51A18E0003C1D0 /* Release */,
			);
			defaultConfigurationIsVisible = 0;
			defaultConfigurationName = Release;
		};
		C2082A7F2D51A18E0003C1D0 /* Build configuration list for PBXNativeTarget "BharathFetchRecipes" */ = {
			isa = XCConfigurationList;
			buildConfigurations = (
				C2082A802D51A18E0003C1D0 /* Debug */,
				C2082A812D51A18E0003C1D0 /* Release */,
			);
			defaultConfigurationIsVisible = 0;
			defaultConfigurationName = Release;
		};
		C2082A822D51A18E0003C1D0 /* Build configuration list for PBXNativeTarget "BharathFetchRecipesTests" */ = {
			isa = XCConfigurationList;
			buildConfigurations = (
				C2082A832D51A18E0003C1D0 /* Debug */,
				C2082A842D51A18E0003C1D0 /* Release */,
			);
			defaultConfigurationIsVisible = 0;
			defaultConfigurationName = Release;
		};
		C2082A852D51A18E0003C1D0 /* Build configuration list for PBXNativeTarget "BharathFetchRecipesUITests" */ = {
			isa = XCConfigurationList;
			buildConfigurations = (
				C2082A862D51A18E0003C1D0 /* Debug */,
				C2082A872D51A18E0003C1D0 /* Release */,
			);
			defaultConfigurationIsVisible = 0;
			defaultConfigurationName = Release;
		};
/* End XCConfigurationList section */
	};
	rootObject = C2082A532D51A18D0003C1D0 /* Project object */;
}
